
Microsoft Visual Studio Solution File, Format Version 12.00
# Visual Studio Version 16
VisualStudioVersion = 16.0.29519.87
MinimumVisualStudioVersion = 10.0.40219.1
Project("{FAE04EC0-301F-11D3-BF4B-00C04F79EFBC}") = "Traffic-Light", "Traffic-Light\Traffic-Light.csproj", "{61392A25-EDFB-4C6A-99A8-C213CBE61726}"
EndProject
Project("{2150E333-8FDC-42A3-9474-1A3956D46DE8}") = "Solution Items", "Solution Items", "{2FAC9ED7-C61B-4045-9300-58A41CBB1082}"
EndProject
Global
	GlobalSection(SolutionConfigurationPlatforms) = preSolution
		Debug|Any CPU = Debug|Any CPU
		Release|Any CPU = Release|Any CPU
	EndGlobalSection
	GlobalSection(ProjectConfigurationPlatforms) = postSolution
		{61392A25-EDFB-4C6A-99A8-C213CBE61726}.Debug|Any CPU.ActiveCfg = Debug|Any CPU
		{61392A25-EDFB-4C6A-99A8-C213CBE61726}.Debug|Any CPU.Build.0 = Debug|Any CPU
		{61392A25-EDFB-4C6A-99A8-C213CBE61726}.Release|Any CPU.ActiveCfg = Release|Any CPU
		{61392A25-EDFB-4C6A-99A8-C213CBE61726}.Release|Any CPU.Build.0 = Release|Any CPU
	EndGlobalSection
	GlobalSection(SolutionProperties) = preSolution
		HideSolutionNode = FALSE
	EndGlobalSection
	GlobalSection(ExtensibilityGlobals) = postSolution
		SolutionGuid = {B3E2322A-AE92-4EE0-A834-DA3DAC9AA26D}
	EndGlobalSection
EndGlobal
